
Microsoft Visual Studio Solution File, Format Version 12.00
# Visual Studio Version 16
VisualStudioVersion = 16.0.29009.5
MinimumVisualStudioVersion = 10.0.40219.1
Project("{FAE04EC0-301F-11D3-BF4B-00C04F79EFBC}") = "ConsoleApp3", "ConsoleApp3\ConsoleApp3.csproj", "{9C5FF80B-C206-449A-BF26-3CDBB78E6892}"
EndProject
Global
	GlobalSection(SolutionConfigurationPlatforms) = preSolution
		Debug|Any CPU = Debug|Any CPU
		Release|Any CPU = Release|Any CPU
	EndGlobalSection
	GlobalSection(ProjectConfigurationPlatforms) = postSolution
		{9C5FF80B-C206-449A-BF26-3CDBB78E6892}.Debug|Any CPU.ActiveCfg = Debug|Any CPU
		{9C5FF80B-C206-449A-BF26-3CDBB78E6892}.Debug|Any CPU.Build.0 = Debug|Any CPU
		{9C5FF80B-C206-449A-BF26-3CDBB78E6892}.Release|Any CPU.ActiveCfg = Release|Any CPU
		{9C5FF80B-C206-449A-BF26-3CDBB78E6892}.Release|Any CPU.Build.0 = Release|Any CPU
	EndGlobalSection
	GlobalSection(SolutionProperties) = preSolution
		HideSolutionNode = FALSE
	EndGlobalSection
	GlobalSection(ExtensibilityGlobals) = postSolution
		SolutionGuid = {24E4E5F7-3BBC-4070-B1B9-584F192C4553}
	EndGlobalSection
EndGlobal
